// !$*UTF8*$!
{
	archiveVersion = 1;
	classes = {
	};
	objectVersion = 46;
	objects = {

/* Begin PBXBuildFile section */
		D95C33D51C89C730000A609C /* main.m in Sources */ = {isa = PBXBuildFile; fileRef = D95C33D41C89C730000A609C /* main.m */; };
		D95C33D81C89C730000A609C /* AppDelegate.m in Sources */ = {isa = PBXBuildFile; fileRef = D95C33D71C89C730000A609C /* AppDelegate.m */; };
		D95C33DB1C89C730000A609C /* ViewController.m in Sources */ = {isa = PBXBuildFile; fileRef = D95C33DA1C89C730000A609C /* ViewController.m */; };
		D95C33DE1C89C730000A609C /* Main.storyboard in Resources */ = {isa = PBXBuildFile; fileRef = D95C33DC1C89C730000A609C /* Main.storyboard */; };
		D95C33E01C89C730000A609C /* Assets.xcassets in Resources */ = {isa = PBXBuildFile; fileRef = D95C33DF1C89C730000A609C /* Assets.xcassets */; };
		D95C33E31C89C730000A609C /* LaunchScreen.storyboard in Resources */ = {isa = PBXBuildFile; fileRef = D95C33E11C89C730000A609C /* LaunchScreen.storyboard */; };
		D95C33EE1C89C730000A609C /* CPJImageButtonTests.m in Sources */ = {isa = PBXBuildFile; fileRef = D95C33ED1C89C730000A609C /* CPJImageButtonTests.m */; };
		D95C33F91C89C730000A609C /* CPJImageButtonUITests.m in Sources */ = {isa = PBXBuildFile; fileRef = D95C33F81C89C730000A609C /* CPJImageButtonUITests.m */; };
		D95C340B1C89CD49000A609C /* CPJImageButton.m in Sources */ = {isa = PBXBuildFile; fileRef = D95C340A1C89CD49000A609C /* CPJImageButton.m */; };
/* End PBXBuildFile section */

/* Begin PBXContainerItemProxy section */
		D95C33EA1C89C730000A609C /* PBXContainerItemProxy */ = {
			isa = PBXContainerItemProxy;
			containerPortal = D95C33C81C89C730000A609C /* Project object */;
			proxyType = 1;
			remoteGlobalIDString = D95C33CF1C89C730000A609C;
			remoteInfo = CPJImageButton;
		};
		D95C33F51C89C730000A609C /* PBXContainerItemProxy */ = {
			isa = PBXContainerItemProxy;
			containerPortal = D95C33C81C89C730000A609C /* Project object */;
			proxyType = 1;
			remoteGlobalIDString = D95C33CF1C89C730000A609C;
			remoteInfo = CPJImageButton;
		};
/* End PBXContainerItemProxy section */

/* Begin PBXFileReference section */
		D95C33D01C89C730000A609C /* CPJImageButton.app */ = {isa = PBXFileReference; explicitFileType = wrapper.application; includeInIndex = 0; path = CPJImageButton.app; sourceTree = BUILT_PRODUCTS_DIR; };
		D95C33D41C89C730000A609C /* main.m */ = {isa = PBXFileReference; lastKnownFileType = sourcecode.c.objc; path = main.m; sourceTree = "<group>"; };
		D95C33D61C89C730000A609C /* AppDelegate.h */ = {isa = PBXFileReference; lastKnownFileType = sourcecode.c.h; path = AppDelegate.h; sourceTree = "<group>"; };
		D95C33D71C89C730000A609C /* AppDelegate.m */ = {isa = PBXFileReference; lastKnownFileType = sourcecode.c.objc; path = AppDelegate.m; sourceTree = "<group>"; };
		D95C33D91C89C730000A609C /* ViewController.h */ = {isa = PBXFileReference; lastKnownFileType = sourcecode.c.h; path = ViewController.h; sourceTree = "<group>"; };
		D95C33DA1C89C730000A609C /* ViewController.m */ = {isa = PBXFileReference; lastKnownFileType = sourcecode.c.objc; path = ViewController.m; sourceTree = "<group>"; };
		D95C33DD1C89C730000A609C /* Base */ = {isa = PBXFileReference; lastKnownFileType = file.storyboard; name = Base; path = Base.lproj/Main.storyboard; sourceTree = "<group>"; };
		D95C33DF1C89C730000A609C /* Assets.xcassets */ = {isa = PBXFileReference; lastKnownFileType = folder.assetcatalog; path = Assets.xcassets; sourceTree = "<group>"; };
		D95C33E21C89C730000A609C /* Base */ = {isa = PBXFileReference; lastKnownFileType = file.storyboard; name = Base; path = Base.lproj/LaunchScreen.storyboard; sourceTree = "<group>"; };
		D95C33E41C89C730000A609C /* Info.plist */ = {isa = PBXFileReference; lastKnownFileType = text.plist.xml; path = Info.plist; sourceTree = "<group>"; };
		D95C33E91C89C730000A609C /* CPJImageButtonTests.xctest */ = {isa = PBXFileReference; explicitFileType = wrapper.cfbundle; includeInIndex = 0; path = CPJImageButtonTests.xctest; sourceTree = BUILT_PRODUCTS_DIR; };
		D95C33ED1C89C730000A609C /* CPJImageButtonTests.m */ = {isa = PBXFileReference; lastKnownFileType = sourcecode.c.objc; path = CPJImageButtonTests.m; sourceTree = "<group>"; };
		D95C33EF1C89C730000A609C /* Info.plist */ = {isa = PBXFileReference; lastKnownFileType = text.plist.xml; path = Info.plist; sourceTree = "<group>"; };
		D95C33F41C89C730000A609C /* CPJImageButtonUITests.xctest */ = {isa = PBXFileReference; explicitFileType = wrapper.cfbundle; includeInIndex = 0; path = CPJImageButtonUITests.xctest; sourceTree = BUILT_PRODUCTS_DIR; };
		D95C33F81C89C730000A609C /* CPJImageButtonUITests.m */ = {isa = PBXFileReference; lastKnownFileType = sourcecode.c.objc; path = CPJImageButtonUITests.m; sourceTree = "<group>"; };
		D95C33FA1C89C730000A609C /* Info.plist */ = {isa = PBXFileReference; lastKnownFileType = text.plist.xml; path = Info.plist; sourceTree = "<group>"; };
		D95C34091C89CD49000A609C /* CPJImageButton.h */ = {isa = PBXFileReference; fileEncoding = 4; lastKnownFileType = sourcecode.c.h; path = CPJImageButton.h; sourceTree = "<group>"; };
		D95C340A1C89CD49000A609C /* CPJImageButton.m */ = {isa = PBXFileReference; fileEncoding = 4; lastKnownFileType = sourcecode.c.objc; path = CPJImageButton.m; sourceTree = "<group>"; };
/* End PBXFileReference section */

/* Begin PBXFrameworksBuildPhase section */
		D95C33CD1C89C730000A609C /* Frameworks */ = {
			isa = PBXFrameworksBuildPhase;
			buildActionMask = 2147483647;
			files = (
			);
			runOnlyForDeploymentPostprocessing = 0;
		};
		D95C33E61C89C730000A609C /* Frameworks */ = {
			isa = PBXFrameworksBuildPhase;
			buildActionMask = 2147483647;
			files = (
			);
			runOnlyForDeploymentPostprocessing = 0;
		};
		D95C33F11C89C730000A609C /* Frameworks */ = {
			isa = PBXFrameworksBuildPhase;
			buildActionMask = 2147483647;
			files = (
			);
			runOnlyForDeploymentPostprocessing = 0;
		};
/* End PBXFrameworksBuildPhase section */

/* Begin PBXGroup section */
		D95C33C71C89C730000A609C = {
			isa = PBXGroup;
			children = (
				D95C33D21C89C730000A609C /* CPJImageButton */,
				D95C33EC1C89C730000A609C /* CPJImageButtonTests */,
				D95C33F71C89C730000A609C /* CPJImageButtonUITests */,
				D95C33D11C89C730000A609C /* Products */,
			);
			sourceTree = "<group>";
		};
		D95C33D11C89C730000A609C /* Products */ = {
			isa = PBXGroup;
			children = (
				D95C33D01C89C730000A609C /* CPJImageButton.app */,
				D95C33E91C89C730000A609C /* CPJImageButtonTests.xctest */,
				D95C33F41C89C730000A609C /* CPJImageButtonUITests.xctest */,
			);
			name = Products;
			sourceTree = "<group>";
		};
		D95C33D21C89C730000A609C /* CPJImageButton */ = {
			isa = PBXGroup;
			children = (
				D95C34061C89C7AC000A609C /* CPJImageButton */,
				D95C33D61C89C730000A609C /* AppDelegate.h */,
				D95C33D71C89C730000A609C /* AppDelegate.m */,
				D95C33D91C89C730000A609C /* ViewController.h */,
				D95C33DA1C89C730000A609C /* ViewController.m */,
				D95C33DC1C89C730000A609C /* Main.storyboard */,
				D95C33DF1C89C730000A609C /* Assets.xcassets */,
				D95C33E11C89C730000A609C /* LaunchScreen.storyboard */,
				D95C33E41C89C730000A609C /* Info.plist */,
				D95C33D31C89C730000A609C /* Supporting Files */,
			);
			path = CPJImageButton;
			sourceTree = "<group>";
		};
		D95C33D31C89C730000A609C /* Supporting Files */ = {
			isa = PBXGroup;
			children = (
				D95C33D41C89C730000A609C /* main.m */,
			);
			name = "Supporting Files";
			sourceTree = "<group>";
		};
		D95C33EC1C89C730000A609C /* CPJImageButtonTests */ = {
			isa = PBXGroup;
			children = (
				D95C33ED1C89C730000A609C /* CPJImageButtonTests.m */,
				D95C33EF1C89C730000A609C /* Info.plist */,
			);
			path = CPJImageButtonTests;
			sourceTree = "<group>";
		};
		D95C33F71C89C730000A609C /* CPJImageButtonUITests */ = {
			isa = PBXGroup;
			children = (
				D95C33F81C89C730000A609C /* CPJImageButtonUITests.m */,
				D95C33FA1C89C730000A609C /* Info.plist */,
			);
			path = CPJImageButtonUITests;
			sourceTree = "<group>";
		};
		D95C34061C89C7AC000A609C /* CPJImageButton */ = {
			isa = PBXGroup;
			children = (
				D95C34091C89CD49000A609C /* CPJImageButton.h */,
				D95C340A1C89CD49000A609C /* CPJImageButton.m */,
			);
			path = CPJImageButton;
			sourceTree = "<group>";
		};
/* End PBXGroup section */

/* Begin PBXNativeTarget section */
		D95C33CF1C89C730000A609C /* CPJImageButton */ = {
			isa = PBXNativeTarget;
			buildConfigurationList = D95C33FD1C89C730000A609C /* Build configuration list for PBXNativeTarget "CPJImageButton" */;
			buildPhases = (
				D95C33CC1C89C730000A609C /* Sources */,
				D95C33CD1C89C730000A609C /* Frameworks */,
				D95C33CE1C89C730000A609C /* Resources */,
			);
			buildRules = (
			);
			dependencies = (
			);
			name = CPJImageButton;
			productName = CPJImageButton;
			productReference = D95C33D01C89C730000A609C /* CPJImageButton.app */;
			productType = "com.apple.product-type.application";
		};
		D95C33E81C89C730000A609C /* CPJImageButtonTests */ = {
			isa = PBXNativeTarget;
			buildConfigurationList = D95C34001C89C730000A609C /* Build configuration list for PBXNativeTarget "CPJImageButtonTests" */;
			buildPhases = (
				D95C33E51C89C730000A609C /* Sources */,
				D95C33E61C89C730000A609C /* Frameworks */,
				D95C33E71C89C730000A609C /* Resources */,
			);
			buildRules = (
			);
			dependencies = (
				D95C33EB1C89C730000A609C /* PBXTargetDependency */,
			);
			name = CPJImageButtonTests;
			productName = CPJImageButtonTests;
			productReference = D95C33E91C89C730000A609C /* CPJImageButtonTests.xctest */;
			productType = "com.apple.product-type.bundle.unit-test";
		};
		D95C33F31C89C730000A609C /* CPJImageButtonUITests */ = {
			isa = PBXNativeTarget;
			buildConfigurationList = D95C34031C89C730000A609C /* Build configuration list for PBXNativeTarget "CPJImageButtonUITests" */;
			buildPhases = (
				D95C33F01C89C730000A609C /* Sources */,
				D95C33F11C89C730000A609C /* Frameworks */,
				D95C33F21C89C730000A609C /* Resources */,
			);
			buildRules = (
			);
			dependencies = (
				D95C33F61C89C730000A609C /* PBXTargetDependency */,
			);
			name = CPJImageButtonUITests;
			productName = CPJImageButtonUITests;
			productReference = D95C33F41C89C730000A609C /* CPJImageButtonUITests.xctest */;
			productType = "com.apple.product-type.bundle.ui-testing";
		};
/* End PBXNativeTarget section */

/* Begin PBXProject section */
		D95C33C81C89C730000A609C /* Project object */ = {
			isa = PBXProject;
			attributes = {
				LastUpgradeCheck = 0720;
				ORGANIZATIONNAME = com.zhaishuai.www;
				TargetAttributes = {
					D95C33CF1C89C730000A609C = {
						CreatedOnToolsVersion = 7.2;
					};
					D95C33E81C89C730000A609C = {
						CreatedOnToolsVersion = 7.2;
						TestTargetID = D95C33CF1C89C730000A609C;
					};
					D95C33F31C89C730000A609C = {
						CreatedOnToolsVersion = 7.2;
						TestTargetID = D95C33CF1C89C730000A609C;
					};
				};
			};
			buildConfigurationList = D95C33CB1C89C730000A609C /* Build configuration list for PBXProject "CPJImageButton" */;
			compatibilityVersion = "Xcode 3.2";
			developmentRegion = English;
			hasScannedForEncodings = 0;
			knownRegions = (
				en,
				Base,
			);
			mainGroup = D95C33C71C89C730000A609C;
			productRefGroup = D95C33D11C89C730000A609C /* Products */;
			projectDirPath = "";
			projectRoot = "";
			targets = (
				D95C33CF1C89C730000A609C /* CPJImageButton */,
				D95C33E81C89C730000A609C /* CPJImageButtonTests */,
				D95C33F31C89C730000A609C /* CPJImageButtonUITests */,
			);
		};
/* End PBXProject section */

/* Begin PBXResourcesBuildPhase section */
		D95C33CE1C89C730000A609C /* Resources */ = {
			isa = PBXResourcesBuildPhase;
			buildActionMask = 2147483647;
			files = (
				D95C33E31C89C730000A609C /* LaunchScreen.storyboard in Resources */,
				D95C33E01C89C730000A609C /* Assets.xcassets in Resources */,
				D95C33DE1C89C730000A609C /* Main.storyboard in Resources */,
			);
			runOnlyForDeploymentPostprocessing = 0;
		};
		D95C33E71C89C730000A609C /* Resources */ = {
			isa = PBXResourcesBuildPhase;
			buildActionMask = 2147483647;
			files = (
			);
			runOnlyForDeploymentPostprocessing = 0;
		};
		D95C33F21C89C730000A609C /* Resources */ = {
			isa = PBXResourcesBuildPhase;
			buildActionMask = 2147483647;
			files = (
			);
			runOnlyForDeploymentPostprocessing = 0;
		};
/* End PBXResourcesBuildPhase section */

/* Begin PBXSourcesBuildPhase section */
		D95C33CC1C89C730000A609C /* Sources */ = {
			isa = PBXSourcesBuildPhase;
			buildActionMask = 2147483647;
			files = (
				D95C33DB1C89C730000A609C /* ViewController.m in Sources */,
				D95C33D81C89C730000A609C /* AppDelegate.m in Sources */,
				D95C33D51C89C730000A609C /* main.m in Sources */,
				D95C340B1C89CD49000A609C /* CPJImageButton.m in Sources */,
			);
			runOnlyForDeploymentPostprocessing = 0;
		};
		D95C33E51C89C730000A609C /* Sources */ = {
			isa = PBXSourcesBuildPhase;
			buildActionMask = 2147483647;
			files = (
				D95C33EE1C89C730000A609C /* CPJImageButtonTests.m in Sources */,
			);
			runOnlyForDeploymentPostprocessing = 0;
		};
		D95C33F01C89C730000A609C /* Sources */ = {
			isa = PBXSourcesBuildPhase;
			buildActionMask = 2147483647;
			files = (
				D95C33F91C89C730000A609C /* CPJImageButtonUITests.m in Sources */,
			);
			runOnlyForDeploymentPostprocessing = 0;
		};
/* End PBXSourcesBuildPhase section */

/* Begin PBXTargetDependency section */
		D95C33EB1C89C730000A609C /* PBXTargetDependency */ = {
			isa = PBXTargetDependency;
			target = D95C33CF1C89C730000A609C /* CPJImageButton */;
			targetProxy = D95C33EA1C89C730000A609C /* PBXContainerItemProxy */;
		};
		D95C33F61C89C730000A609C /* PBXTargetDependency */ = {
			isa = PBXTargetDependency;
			target = D95C33CF1C89C730000A609C /* CPJImageButton */;
			targetProxy = D95C33F51C89C730000A609C /* PBXContainerItemProxy */;
		};
/* End PBXTargetDependency section */

/* Begin PBXVariantGroup section */
		D95C33DC1C89C730000A609C /* Main.storyboard */ = {
			isa = PBXVariantGroup;
			children = (
				D95C33DD1C89C730000A609C /* Base */,
			);
			name = Main.storyboard;
			sourceTree = "<group>";
		};
		D95C33E11C89C730000A609C /* LaunchScreen.storyboard */ = {
			isa = PBXVariantGroup;
			children = (
				D95C33E21C89C730000A609C /* Base */,
			);
			name = LaunchScreen.storyboard;
			sourceTree = "<group>";
		};
/* End PBXVariantGroup section */

/* Begin XCBuildConfiguration section */
		D95C33FB1C89C730000A609C /* Debug */ = {
			isa = XCBuildConfiguration;
			buildSettings = {
				ALWAYS_SEARCH_USER_PATHS = NO;
				CLANG_CXX_LANGUAGE_STANDARD = "gnu++0x";
				CLANG_CXX_LIBRARY = "libc++";
				CLANG_ENABLE_MODULES = YES;
				CLANG_ENABLE_OBJC_ARC = YES;
				CLANG_WARN_BOOL_CONVERSION = YES;
				CLANG_WARN_CONSTANT_CONVERSION = YES;
				CLANG_WARN_DIRECT_OBJC_ISA_USAGE = YES_ERROR;
				CLANG_WARN_EMPTY_BODY = YES;
				CLANG_WARN_ENUM_CONVERSION = YES;
				CLANG_WARN_INT_CONVERSION = YES;
				CLANG_WARN_OBJC_ROOT_CLASS = YES_ERROR;
				CLANG_WARN_UNREACHABLE_CODE = YES;
				CLANG_WARN__DUPLICATE_METHOD_MATCH = YES;
				"CODE_SIGN_IDENTITY[sdk=iphoneos*]" = "iPhone Developer";
				COPY_PHASE_STRIP = NO;
				DEBUG_INFORMATION_FORMAT = dwarf;
				ENABLE_STRICT_OBJC_MSGSEND = YES;
				ENABLE_TESTABILITY = YES;
				GCC_C_LANGUAGE_STANDARD = gnu99;
				GCC_DYNAMIC_NO_PIC = NO;
				GCC_NO_COMMON_BLOCKS = YES;
				GCC_OPTIMIZATION_LEVEL = 0;
				GCC_PREPROCESSOR_DEFINITIONS = (
					"DEBUG=1",
					"$(inherited)",
				);
				GCC_WARN_64_TO_32_BIT_CONVERSION = YES;
				GCC_WARN_ABOUT_RETURN_TYPE = YES_ERROR;
				GCC_WARN_UNDECLARED_SELECTOR = YES;
				GCC_WARN_UNINITIALIZED_AUTOS = YES_AGGRESSIVE;
				GCC_WARN_UNUSED_FUNCTION = YES;
				GCC_WARN_UNUSED_VARIABLE = YES;
				IPHONEOS_DEPLOYMENT_TARGET = 9.2;
				MTL_ENABLE_DEBUG_INFO = YES;
				ONLY_ACTIVE_ARCH = YES;
				SDKROOT = iphoneos;
				TARGETED_DEVICE_FAMILY = "1,2";
			};
			name = Debug;
		};
		D95C33FC1C89C730000A609C /* Release */ = {
			isa = XCBuildConfiguration;
			buildSettings = {
				ALWAYS_SEARCH_USER_PATHS = NO;
				CLANG_CXX_LANGUAGE_STANDARD = "gnu++0x";
				CLANG_CXX_LIBRARY = "libc++";
				CLANG_ENABLE_MODULES = YES;
				CLANG_ENABLE_OBJC_ARC = YES;
				CLANG_WARN_BOOL_CONVERSION = YES;
				CLANG_WARN_CONSTANT_CONVERSION = YES;
				CLANG_WARN_DIRECT_OBJC_ISA_USAGE = YES_ERROR;
				CLANG_WARN_EMPTY_BODY = YES;
				CLANG_WARN_ENUM_CONVERSION = YES;
				CLANG_WARN_INT_CONVERSION = YES;
				CLANG_WARN_OBJC_ROOT_CLASS = YES_ERROR;
				CLANG_WARN_UNREACHABLE_CODE = YES;
				CLANG_WARN__DUPLICATE_METHOD_MATCH = YES;
				"CODE_SIGN_IDENTITY[sdk=iphoneos*]" = "iPhone Developer";
				COPY_PHASE_STRIP = NO;
				DEBUG_INFORMATION_FORMAT = "dwarf-with-dsym";
				ENABLE_NS_ASSERTIONS = NO;
				ENABLE_STRICT_OBJC_MSGSEND = YES;
				GCC_C_LANGUAGE_STANDARD = gnu99;
				GCC_NO_COMMON_BLOCKS = YES;
				GCC_WARN_64_TO_32_BIT_CONVERSION = YES;
				GCC_WARN_ABOUT_RETURN_TYPE = YES_ERROR;
				GCC_WARN_UNDECLARED_SELECTOR = YES;
				GCC_WARN_UNINITIALIZED_AUTOS = YES_AGGRESSIVE;
				GCC_WARN_UNUSED_FUNCTION = YES;
				GCC_WARN_UNUSED_VARIABLE = YES;
				IPHONEOS_DEPLOYMENT_TARGET = 9.2;
				MTL_ENABLE_DEBUG_INFO = NO;
				SDKROOT = iphoneos;
				TARGETED_DEVICE_FAMILY = "1,2";
				VALIDATE_PRODUCT = YES;
			};
			name = Release;
		};
		D95C33FE1C89C730000A609C /* Debug */ = {
			isa = XCBuildConfiguration;
			buildSettings = {
				ASSETCATALOG_COMPILER_APPICON_NAME = AppIcon;
				FRAMEWORK_SEARCH_PATHS = (
					"$(inherited)",
					"$(PROJECT_DIR)/CPJImageButton/CPJImageButton",
				);
				INFOPLIST_FILE = CPJImageButton/Info.plist;
				LD_RUNPATH_SEARCH_PATHS = "$(inherited) @executable_path/Frameworks";
				PRODUCT_BUNDLE_IDENTIFIER = com.zhaishuai.CPJImageButton;
				PRODUCT_NAME = "$(TARGET_NAME)";
			};
			name = Debug;
		};
		D95C33FF1C89C730000A609C /* Release */ = {
			isa = XCBuildConfiguration;
			buildSettings = {
				ASSETCATALOG_COMPILER_APPICON_NAME = AppIcon;
				FRAMEWORK_SEARCH_PATHS = (
					"$(inherited)",
					"$(PROJECT_DIR)/CPJImageButton/CPJImageButton",
				);
				INFOPLIST_FILE = CPJImageButton/Info.plist;
				LD_RUNPATH_SEARCH_PATHS = "$(inherited) @executable_path/Frameworks";
				PRODUCT_BUNDLE_IDENTIFIER = com.zhaishuai.CPJImageButton;
				PRODUCT_NAME = "$(TARGET_NAME)";
			};
			name = Release;
		};
		D95C34011C89C730000A609C /* Debug */ = {
			isa = XCBuildConfiguration;
			buildSettings = {
				BUNDLE_LOADER = "$(TEST_HOST)";
				INFOPLIST_FILE = CPJImageButtonTests/Info.plist;
				LD_RUNPATH_SEARCH_PATHS = "$(inherited) @executable_path/Frameworks @loader_path/Frameworks";
				PRODUCT_BUNDLE_IDENTIFIER = com.zhaishuai.CPJImageButtonTests;
				PRODUCT_NAME = "$(TARGET_NAME)";
				TEST_HOST = "$(BUILT_PRODUCTS_DIR)/CPJImageButton.app/CPJImageButton";
			};
			name = Debug;
		};
		D95C34021C89C730000A609C /* Release */ = {
			isa = XCBuildConfiguration;
			buildSettings = {
				BUNDLE_LOADER = "$(TEST_HOST)";
				INFOPLIST_FILE = CPJImageButtonTests/Info.plist;
				LD_RUNPATH_SEARCH_PATHS = "$(inherited) @executable_path/Frameworks @loader_path/Frameworks";
				PRODUCT_BUNDLE_IDENTIFIER = com.zhaishuai.CPJImageButtonTests;
				PRODUCT_NAME = "$(TARGET_NAME)";
				TEST_HOST = "$(BUILT_PRODUCTS_DIR)/CPJImageButton.app/CPJImageButton";
			};
			name = Release;
		};
		D95C34041C89C730000A609C /* Debug */ = {
			isa = XCBuildConfiguration;
			buildSettings = {
				INFOPLIST_FILE = CPJImageButtonUITests/Info.plist;
				LD_RUNPATH_SEARCH_PATHS = "$(inherited) @executable_path/Frameworks @loader_path/Frameworks";
				PRODUCT_BUNDLE_IDENTIFIER = com.zhaishuai.CPJImageButtonUITests;
				PRODUCT_NAME = "$(TARGET_NAME)";
				TEST_TARGET_NAME = CPJImageButton;
				USES_XCTRUNNER = YES;
			};
			name = Debug;
		};
		D95C34051C89C730000A609C /* Release */ = {
			isa = XCBuildConfiguration;
			buildSettings = {
				INFOPLIST_FILE = CPJImageButtonUITests/Info.plist;
				LD_RUNPATH_SEARCH_PATHS = "$(inherited) @executable_path/Frameworks @loader_path/Frameworks";
				PRODUCT_BUNDLE_IDENTIFIER = com.zhaishuai.CPJImageButtonUITests;
				PRODUCT_NAME = "$(TARGET_NAME)";
				TEST_TARGET_NAME = CPJImageButton;
				USES_XCTRUNNER = YES;
			};
			name = Release;
		};
/* End XCBuildConfiguration section */

/* Begin XCConfigurationList section */
		D95C33CB1C89C730000A609C /* Build configuration list for PBXProject "CPJImageButton" */ = {
			isa = XCConfigurationList;
			buildConfigurations = (
				D95C33FB1C89C730000A609C /* Debug */,
				D95C33FC1C89C730000A609C /* Release */,
			);
			defaultConfigurationIsVisible = 0;
			defaultConfigurationName = Release;
		};
		D95C33FD1C89C730000A609C /* Build configuration list for PBXNativeTarget "CPJImageButton" */ = {
			isa = XCConfigurationList;
			buildConfigurations = (
				D95C33FE1C89C730000A609C /* Debug */,
				D95C33FF1C89C730000A609C /* Release */,
			);
			defaultConfigurationIsVisible = 0;
		};
		D95C34001C89C730000A609C /* Build configuration list for PBXNativeTarget "CPJImageButtonTests" */ = {
			isa = XCConfigurationList;
			buildConfigurations = (
				D95C34011C89C730000A609C /* Debug */,
				D95C34021C89C730000A609C /* Release */,
			);
			defaultConfigurationIsVisible = 0;
		};
		D95C34031C89C730000A609C /* Build configuration list for PBXNativeTarget "CPJImageButtonUITests" */ = {
			isa = XCConfigurationList;
			buildConfigurations = (
				D95C34041C89C730000A609C /* Debug */,
				D95C34051C89C730000A609C /* Release */,
			);
			defaultConfigurationIsVisible = 0;
		};
/* End XCConfigurationList section */
	};
	rootObject = D95C33C81C89C730000A609C /* Project object */;
}
